
Microsoft Visual Studio Solution File, Format Version 12.00
# Visual Studio 2013
VisualStudioVersion = 12.0.31101.0
MinimumVisualStudioVersion = 10.0.40219.1
Project("{FAE04EC0-301F-11D3-BF4B-00C04F79EFBC}") = "MvcApplication1", "MvcApplication1\MvcApplication1.csproj", "{E35B5005-9528-4398-965D-F1F2A30212B9}"
EndProject
Project("{FAE04EC0-301F-11D3-BF4B-00C04F79EFBC}") = "MvcApplication1.Tests", "MvcApplication1.Tests\MvcApplication1.Tests.csproj", "{E4DB54E7-0346-4BA0-A293-96C71315A7FA}"
EndProject
Project("{FAE04EC0-301F-11D3-BF4B-00C04F79EFBC}") = "Reach.Repository", "Reach.Repository\Reach.Repository.csproj", "{37416C02-C952-4594-BECD-99B9785567B1}"
EndProject
Project("{FAE04EC0-301F-11D3-BF4B-00C04F79EFBC}") = "ConsoleApplication1", "ConsoleApplication1\ConsoleApplication1.csproj", "{091C1588-4269-4DFA-AF8C-C79EA95A02C3}"
EndProject
Project("{FAE04EC0-301F-11D3-BF4B-00C04F79EFBC}") = "Reach.AccessYouku", "Reach.AccessYouku\Reach.AccessYouku.csproj", "{7F32C746-201D-4CB3-A495-00C19A49BF76}"
EndProject
Project("{FAE04EC0-301F-11D3-BF4B-00C04F79EFBC}") = "Reach.AccessYouku.Test", "Reach.AccessYouku.Test\Reach.AccessYouku.Test.csproj", "{4C83FCB0-3332-4E61-9F88-A20A83B3BDF9}"
EndProject
Global
	GlobalSection(SolutionConfigurationPlatforms) = preSolution
		Debug|Any CPU = Debug|Any CPU
		Release|Any CPU = Release|Any CPU
	EndGlobalSection
	GlobalSection(ProjectConfigurationPlatforms) = postSolution
		{E35B5005-9528-4398-965D-F1F2A30212B9}.Debug|Any CPU.ActiveCfg = Debug|Any CPU
		{E35B5005-9528-4398-965D-F1F2A30212B9}.Debug|Any CPU.Build.0 = Debug|Any CPU
		{E35B5005-9528-4398-965D-F1F2A30212B9}.Release|Any CPU.ActiveCfg = Release|Any CPU
		{E35B5005-9528-4398-965D-F1F2A30212B9}.Release|Any CPU.Build.0 = Release|Any CPU
		{E4DB54E7-0346-4BA0-A293-96C71315A7FA}.Debug|Any CPU.ActiveCfg = Debug|Any CPU
		{E4DB54E7-0346-4BA0-A293-96C71315A7FA}.Debug|Any CPU.Build.0 = Debug|Any CPU
		{E4DB54E7-0346-4BA0-A293-96C71315A7FA}.Release|Any CPU.ActiveCfg = Release|Any CPU
		{E4DB54E7-0346-4BA0-A293-96C71315A7FA}.Release|Any CPU.Build.0 = Release|Any CPU
		{37416C02-C952-4594-BECD-99B9785567B1}.Debug|Any CPU.ActiveCfg = Debug|Any CPU
		{37416C02-C952-4594-BECD-99B9785567B1}.Debug|Any CPU.Build.0 = Debug|Any CPU
		{37416C02-C952-4594-BECD-99B9785567B1}.Release|Any CPU.ActiveCfg = Release|Any CPU
		{37416C02-C952-4594-BECD-99B9785567B1}.Release|Any CPU.Build.0 = Release|Any CPU
		{091C1588-4269-4DFA-AF8C-C79EA95A02C3}.Debug|Any CPU.ActiveCfg = Debug|Any CPU
		{091C1588-4269-4DFA-AF8C-C79EA95A02C3}.Debug|Any CPU.Build.0 = Debug|Any CPU
		{091C1588-4269-4DFA-AF8C-C79EA95A02C3}.Release|Any CPU.ActiveCfg = Release|Any CPU
		{091C1588-4269-4DFA-AF8C-C79EA95A02C3}.Release|Any CPU.Build.0 = Release|Any CPU
		{7F32C746-201D-4CB3-A495-00C19A49BF76}.Debug|Any CPU.ActiveCfg = Debug|Any CPU
		{7F32C746-201D-4CB3-A495-00C19A49BF76}.Debug|Any CPU.Build.0 = Debug|Any CPU
		{7F32C746-201D-4CB3-A495-00C19A49BF76}.Release|Any CPU.ActiveCfg = Release|Any CPU
		{7F32C746-201D-4CB3-A495-00C19A49BF76}.Release|Any CPU.Build.0 = Release|Any CPU
		{4C83FCB0-3332-4E61-9F88-A20A83B3BDF9}.Debug|Any CPU.ActiveCfg = Debug|Any CPU
		{4C83FCB0-3332-4E61-9F88-A20A83B3BDF9}.Debug|Any CPU.Build.0 = Debug|Any CPU
		{4C83FCB0-3332-4E61-9F88-A20A83B3BDF9}.Release|Any CPU.ActiveCfg = Release|Any CPU
		{4C83FCB0-3332-4E61-9F88-A20A83B3BDF9}.Release|Any CPU.Build.0 = Release|Any CPU
	EndGlobalSection
	GlobalSection(SolutionProperties) = preSolution
		HideSolutionNode = FALSE
	EndGlobalSection
EndGlobal
