
Microsoft Visual Studio Solution File, Format Version 12.00
# Visual Studio 2013
VisualStudioVersion = 12.0.31101.0
MinimumVisualStudioVersion = 10.0.40219.1
Project("{FAE04EC0-301F-11D3-BF4B-00C04F79EFBC}") = "MvcApplication1", "MvcApplication1\MvcApplication1.csproj", "{E35B5005-9528-4398-965D-F1F2A30212B9}"
EndProject
Project("{FAE04EC0-301F-11D3-BF4B-00C04F79EFBC}") = "MvcApplication1.Tests", "MvcApplication1.Tests\MvcApplication1.Tests.csproj", "{E4DB54E7-0346-4BA0-A293-96C71315A7FA}"
EndProject
Project("{FAE04EC0-301F-11D3-BF4B-00C04F79EFBC}") = "ConsoleApplication1", "ConsoleApplication1\ConsoleApplication1.csproj", "{091C1588-4269-4DFA-AF8C-C79EA95A02C3}"
EndProject
Project("{2150E333-8FDC-42A3-9474-1A3956D46DE8}") = ".nuget", ".nuget", "{1A22F21C-FE1C-4EE7-9B07-9E6C781C2B84}"
	ProjectSection(SolutionItems) = preProject
		.nuget\NuGet.Config = .nuget\NuGet.Config
		.nuget\NuGet.exe = .nuget\NuGet.exe
	EndProjectSection
EndProject
Project("{FAE04EC0-301F-11D3-BF4B-00C04F79EFBC}") = "Reach", "Reach\Reach.csproj", "{ECCA6479-FD45-4904-9C27-5160C280ADAD}"
EndProject
Project("{FAE04EC0-301F-11D3-BF4B-00C04F79EFBC}") = "Reach.AccessVideoSupplier", "Reach.AccessVideoSupplier\Reach.AccessVideoSupplier.csproj", "{F28F1217-2B17-4ED8-86A8-B6976D602810}"
EndProject
Project("{FAE04EC0-301F-11D3-BF4B-00C04F79EFBC}") = "Reach.AccessVideoSupplier.Test", "Reach.AccessVideoSupplier.Test\Reach.AccessVideoSupplier.Test.csproj", "{2D22973C-7677-4288-B00F-7FF374D15778}"
EndProject
Project("{F2A71F9B-5D33-465A-A702-920D77279786}") = "SchedulingCourses", "SchedulingCourses\SchedulingCourses.fsproj", "{A87A531C-A904-4FE0-A783-F46825B63059}"
EndProject
Project("{FAE04EC0-301F-11D3-BF4B-00C04F79EFBC}") = "ForFSharpInvoking", "ForFSharpInvoking\ForFSharpInvoking.csproj", "{6E008685-4086-4459-BD78-40AE469C67C8}"
EndProject
Project("{FAE04EC0-301F-11D3-BF4B-00C04F79EFBC}") = "MvcApplication2", "MvcApplication2\MvcApplication2.csproj", "{3AD25D37-A7E6-456A-97C7-823D2446BD94}"
EndProject
Project("{F2A71F9B-5D33-465A-A702-920D77279786}") = "ConsoleApplication2", "ConsoleApplication2\ConsoleApplication2.fsproj", "{7ACE9B3B-E7E6-401A-8A4F-14BFC3A585E8}"
EndProject
Project("{F2A71F9B-5D33-465A-A702-920D77279786}") = "FSharpDesignPattern", "FSharpDesignPattern\FSharpDesignPattern.fsproj", "{9E837D4E-84A5-4508-A043-971B785A07F1}"
EndProject
Global
	GlobalSection(SolutionConfigurationPlatforms) = preSolution
		Debug|Any CPU = Debug|Any CPU
		Release|Any CPU = Release|Any CPU
	EndGlobalSection
	GlobalSection(ProjectConfigurationPlatforms) = postSolution
		{E35B5005-9528-4398-965D-F1F2A30212B9}.Debug|Any CPU.ActiveCfg = Debug|Any CPU
		{E35B5005-9528-4398-965D-F1F2A30212B9}.Debug|Any CPU.Build.0 = Debug|Any CPU
		{E35B5005-9528-4398-965D-F1F2A30212B9}.Release|Any CPU.ActiveCfg = Release|Any CPU
		{E35B5005-9528-4398-965D-F1F2A30212B9}.Release|Any CPU.Build.0 = Release|Any CPU
		{E4DB54E7-0346-4BA0-A293-96C71315A7FA}.Debug|Any CPU.ActiveCfg = Debug|Any CPU
		{E4DB54E7-0346-4BA0-A293-96C71315A7FA}.Debug|Any CPU.Build.0 = Debug|Any CPU
		{E4DB54E7-0346-4BA0-A293-96C71315A7FA}.Release|Any CPU.ActiveCfg = Release|Any CPU
		{E4DB54E7-0346-4BA0-A293-96C71315A7FA}.Release|Any CPU.Build.0 = Release|Any CPU
		{091C1588-4269-4DFA-AF8C-C79EA95A02C3}.Debug|Any CPU.ActiveCfg = Debug|Any CPU
		{091C1588-4269-4DFA-AF8C-C79EA95A02C3}.Debug|Any CPU.Build.0 = Debug|Any CPU
		{091C1588-4269-4DFA-AF8C-C79EA95A02C3}.Release|Any CPU.ActiveCfg = Release|Any CPU
		{091C1588-4269-4DFA-AF8C-C79EA95A02C3}.Release|Any CPU.Build.0 = Release|Any CPU
		{ECCA6479-FD45-4904-9C27-5160C280ADAD}.Debug|Any CPU.ActiveCfg = Debug|Any CPU
		{ECCA6479-FD45-4904-9C27-5160C280ADAD}.Debug|Any CPU.Build.0 = Debug|Any CPU
		{ECCA6479-FD45-4904-9C27-5160C280ADAD}.Release|Any CPU.ActiveCfg = Release|Any CPU
		{ECCA6479-FD45-4904-9C27-5160C280ADAD}.Release|Any CPU.Build.0 = Release|Any CPU
		{F28F1217-2B17-4ED8-86A8-B6976D602810}.Debug|Any CPU.ActiveCfg = Debug|Any CPU
		{F28F1217-2B17-4ED8-86A8-B6976D602810}.Debug|Any CPU.Build.0 = Debug|Any CPU
		{F28F1217-2B17-4ED8-86A8-B6976D602810}.Release|Any CPU.ActiveCfg = Release|Any CPU
		{F28F1217-2B17-4ED8-86A8-B6976D602810}.Release|Any CPU.Build.0 = Release|Any CPU
		{2D22973C-7677-4288-B00F-7FF374D15778}.Debug|Any CPU.ActiveCfg = Debug|Any CPU
		{2D22973C-7677-4288-B00F-7FF374D15778}.Debug|Any CPU.Build.0 = Debug|Any CPU
		{2D22973C-7677-4288-B00F-7FF374D15778}.Release|Any CPU.ActiveCfg = Release|Any CPU
		{2D22973C-7677-4288-B00F-7FF374D15778}.Release|Any CPU.Build.0 = Release|Any CPU
		{A87A531C-A904-4FE0-A783-F46825B63059}.Debug|Any CPU.ActiveCfg = Debug|Any CPU
		{A87A531C-A904-4FE0-A783-F46825B63059}.Debug|Any CPU.Build.0 = Debug|Any CPU
		{A87A531C-A904-4FE0-A783-F46825B63059}.Release|Any CPU.ActiveCfg = Release|Any CPU
		{A87A531C-A904-4FE0-A783-F46825B63059}.Release|Any CPU.Build.0 = Release|Any CPU
		{6E008685-4086-4459-BD78-40AE469C67C8}.Debug|Any CPU.ActiveCfg = Debug|Any CPU
		{6E008685-4086-4459-BD78-40AE469C67C8}.Debug|Any CPU.Build.0 = Debug|Any CPU
		{6E008685-4086-4459-BD78-40AE469C67C8}.Release|Any CPU.ActiveCfg = Release|Any CPU
		{6E008685-4086-4459-BD78-40AE469C67C8}.Release|Any CPU.Build.0 = Release|Any CPU
		{3AD25D37-A7E6-456A-97C7-823D2446BD94}.Debug|Any CPU.ActiveCfg = Debug|Any CPU
		{3AD25D37-A7E6-456A-97C7-823D2446BD94}.Debug|Any CPU.Build.0 = Debug|Any CPU
		{3AD25D37-A7E6-456A-97C7-823D2446BD94}.Release|Any CPU.ActiveCfg = Release|Any CPU
		{3AD25D37-A7E6-456A-97C7-823D2446BD94}.Release|Any CPU.Build.0 = Release|Any CPU
		{7ACE9B3B-E7E6-401A-8A4F-14BFC3A585E8}.Debug|Any CPU.ActiveCfg = Debug|Any CPU
		{7ACE9B3B-E7E6-401A-8A4F-14BFC3A585E8}.Debug|Any CPU.Build.0 = Debug|Any CPU
		{7ACE9B3B-E7E6-401A-8A4F-14BFC3A585E8}.Release|Any CPU.ActiveCfg = Release|Any CPU
		{7ACE9B3B-E7E6-401A-8A4F-14BFC3A585E8}.Release|Any CPU.Build.0 = Release|Any CPU
		{9E837D4E-84A5-4508-A043-971B785A07F1}.Debug|Any CPU.ActiveCfg = Debug|Any CPU
		{9E837D4E-84A5-4508-A043-971B785A07F1}.Debug|Any CPU.Build.0 = Debug|Any CPU
		{9E837D4E-84A5-4508-A043-971B785A07F1}.Release|Any CPU.ActiveCfg = Release|Any CPU
		{9E837D4E-84A5-4508-A043-971B785A07F1}.Release|Any CPU.Build.0 = Release|Any CPU
	EndGlobalSection
	GlobalSection(SolutionProperties) = preSolution
		HideSolutionNode = FALSE
	EndGlobalSection
EndGlobal
